
Microsoft Visual Studio Solution File, Format Version 12.00
# Visual Studio Version 17
VisualStudioVersion = 17.5.33516.290
MinimumVisualStudioVersion = 10.0.40219.1
Project("{FAE04EC0-301F-11D3-BF4B-00C04F79EFBC}") = "SHOPPINGCART.Admin", "SHOPPINGCART.Admin\SHOPPINGCART.Admin.csproj", "{92FB9B12-0639-42D9-8A71-0E576B7E0D9C}"
EndProject
Project("{FAE04EC0-301F-11D3-BF4B-00C04F79EFBC}") = "SHOPPINGCART.Store", "SHOPPINGCART.Store\SHOPPINGCART.Store.csproj", "{F6856E88-B790-45ED-87F9-B49ECC77CFDC}"
EndProject
Project("{FAE04EC0-301F-11D3-BF4B-00C04F79EFBC}") = "SHOPPINGCART.Domain", "SHOPPINGCART.Domain\SHOPPINGCART.Domain.csproj", "{A320B711-84F5-4DA2-B076-1B1B5684E9A4}"
EndProject
Project("{FAE04EC0-301F-11D3-BF4B-00C04F79EFBC}") = "SHOPPINGCART.Application", "SHOPPINGCART.Application\SHOPPINGCART.Application.csproj", "{E2D4A741-FF9C-44CF-B7BA-7712359A434F}"
EndProject
Project("{FAE04EC0-301F-11D3-BF4B-00C04F79EFBC}") = "SHOPPINGCART.Infrastructure", "SHOPPINGCART.Infrastructure\SHOPPINGCART.Infrastructure.csproj", "{0CBBFB20-F380-44B4-8FEC-7FCC6BADD68D}"
EndProject
Global
	GlobalSection(SolutionConfigurationPlatforms) = preSolution
		Debug|Any CPU = Debug|Any CPU
		Release|Any CPU = Release|Any CPU
	EndGlobalSection
	GlobalSection(ProjectConfigurationPlatforms) = postSolution
		{92FB9B12-0639-42D9-8A71-0E576B7E0D9C}.Debug|Any CPU.ActiveCfg = Debug|Any CPU
		{92FB9B12-0639-42D9-8A71-0E576B7E0D9C}.Debug|Any CPU.Build.0 = Debug|Any CPU
		{92FB9B12-0639-42D9-8A71-0E576B7E0D9C}.Release|Any CPU.ActiveCfg = Release|Any CPU
		{92FB9B12-0639-42D9-8A71-0E576B7E0D9C}.Release|Any CPU.Build.0 = Release|Any CPU
		{F6856E88-B790-45ED-87F9-B49ECC77CFDC}.Debug|Any CPU.ActiveCfg = Debug|Any CPU
		{F6856E88-B790-45ED-87F9-B49ECC77CFDC}.Debug|Any CPU.Build.0 = Debug|Any CPU
		{F6856E88-B790-45ED-87F9-B49ECC77CFDC}.Release|Any CPU.ActiveCfg = Release|Any CPU
		{F6856E88-B790-45ED-87F9-B49ECC77CFDC}.Release|Any CPU.Build.0 = Release|Any CPU
		{A320B711-84F5-4DA2-B076-1B1B5684E9A4}.Debug|Any CPU.ActiveCfg = Debug|Any CPU
		{A320B711-84F5-4DA2-B076-1B1B5684E9A4}.Debug|Any CPU.Build.0 = Debug|Any CPU
		{A320B711-84F5-4DA2-B076-1B1B5684E9A4}.Release|Any CPU.ActiveCfg = Release|Any CPU
		{A320B711-84F5-4DA2-B076-1B1B5684E9A4}.Release|Any CPU.Build.0 = Release|Any CPU
		{E2D4A741-FF9C-44CF-B7BA-7712359A434F}.Debug|Any CPU.ActiveCfg = Debug|Any CPU
		{E2D4A741-FF9C-44CF-B7BA-7712359A434F}.Debug|Any CPU.Build.0 = Debug|Any CPU
		{E2D4A741-FF9C-44CF-B7BA-7712359A434F}.Release|Any CPU.ActiveCfg = Release|Any CPU
		{E2D4A741-FF9C-44CF-B7BA-7712359A434F}.Release|Any CPU.Build.0 = Release|Any CPU
		{0CBBFB20-F380-44B4-8FEC-7FCC6BADD68D}.Debug|Any CPU.ActiveCfg = Debug|Any CPU
		{0CBBFB20-F380-44B4-8FEC-7FCC6BADD68D}.Debug|Any CPU.Build.0 = Debug|Any CPU
		{0CBBFB20-F380-44B4-8FEC-7FCC6BADD68D}.Release|Any CPU.ActiveCfg = Release|Any CPU
		{0CBBFB20-F380-44B4-8FEC-7FCC6BADD68D}.Release|Any CPU.Build.0 = Release|Any CPU
	EndGlobalSection
	GlobalSection(SolutionProperties) = preSolution
		HideSolutionNode = FALSE
	EndGlobalSection
	GlobalSection(ExtensibilityGlobals) = postSolution
		SolutionGuid = {B2421B64-1A67-42F8-8853-B2B8BE7BD776}
	EndGlobalSection
EndGlobal
